
Microsoft Visual Studio Solution File, Format Version 12.00
# Visual Studio Version 17
VisualStudioVersion = 17.9.34728.123
MinimumVisualStudioVersion = 10.0.40219.1
Project("{FAE04EC0-301F-11D3-BF4B-00C04F79EFBC}") = "LibraryManagementSystem.Database", "LibraryManagementSystem.Database\LibraryManagementSystem.Database.csproj", "{D55F5FAD-271A-4E97-8CF0-77834C45EBD4}"
EndProject
Project("{FAE04EC0-301F-11D3-BF4B-00C04F79EFBC}") = "LibraryManagementSystem.Api", "LibraryManagementSystem.Api\LibraryManagementSystem.Api.csproj", "{73FB37A0-1CE2-4A78-A29F-567EF5E7BCBA}"
EndProject
Project("{FAE04EC0-301F-11D3-BF4B-00C04F79EFBC}") = "LibraryManagementSystem.Domain", "LibraryManagementSystem.Domain\LibraryManagementSystem.Domain.csproj", "{692630C2-0D7F-4773-A208-120A17798D06}"
EndProject
Global
	GlobalSection(SolutionConfigurationPlatforms) = preSolution
		Debug|Any CPU = Debug|Any CPU
		Release|Any CPU = Release|Any CPU
	EndGlobalSection
	GlobalSection(ProjectConfigurationPlatforms) = postSolution
		{D55F5FAD-271A-4E97-8CF0-77834C45EBD4}.Debug|Any CPU.ActiveCfg = Debug|Any CPU
		{D55F5FAD-271A-4E97-8CF0-77834C45EBD4}.Debug|Any CPU.Build.0 = Debug|Any CPU
		{D55F5FAD-271A-4E97-8CF0-77834C45EBD4}.Release|Any CPU.ActiveCfg = Release|Any CPU
		{D55F5FAD-271A-4E97-8CF0-77834C45EBD4}.Release|Any CPU.Build.0 = Release|Any CPU
		{73FB37A0-1CE2-4A78-A29F-567EF5E7BCBA}.Debug|Any CPU.ActiveCfg = Debug|Any CPU
		{73FB37A0-1CE2-4A78-A29F-567EF5E7BCBA}.Debug|Any CPU.Build.0 = Debug|Any CPU
		{73FB37A0-1CE2-4A78-A29F-567EF5E7BCBA}.Release|Any CPU.ActiveCfg = Release|Any CPU
		{73FB37A0-1CE2-4A78-A29F-567EF5E7BCBA}.Release|Any CPU.Build.0 = Release|Any CPU
		{692630C2-0D7F-4773-A208-120A17798D06}.Debug|Any CPU.ActiveCfg = Debug|Any CPU
		{692630C2-0D7F-4773-A208-120A17798D06}.Debug|Any CPU.Build.0 = Debug|Any CPU
		{692630C2-0D7F-4773-A208-120A17798D06}.Release|Any CPU.ActiveCfg = Release|Any CPU
		{692630C2-0D7F-4773-A208-120A17798D06}.Release|Any CPU.Build.0 = Release|Any CPU
	EndGlobalSection
	GlobalSection(SolutionProperties) = preSolution
		HideSolutionNode = FALSE
	EndGlobalSection
	GlobalSection(ExtensibilityGlobals) = postSolution
		SolutionGuid = {083F1CB7-27FE-4744-A5A5-305F3BA84EF7}
	EndGlobalSection
EndGlobal
